
Microsoft Visual Studio Solution File, Format Version 12.00
# Visual Studio Version 17
VisualStudioVersion = 17.0.31903.59
MinimumVisualStudioVersion = 10.0.40219.1
Project("{2150E333-8FDC-42A3-9474-1A3956D46DE8}") = "APIGateways", "APIGateways", "{85EB2A5A-F6D7-435C-B9A1-131244061F0B}"
EndProject
Project("{FAE04EC0-301F-11D3-BF4B-00C04F79EFBC}") = "OcelotAPIGW", "APIGateways\OcelotAPIGW\OcelotAPIGW.csproj", "{206B3DE8-95A7-4735-8086-5E8D5F6A2956}"
EndProject
Project("{2150E333-8FDC-42A3-9474-1A3956D46DE8}") = "BuildingBlocks", "BuildingBlocks", "{C3F5A2C9-F287-4052-BABC-A24F481A0BE3}"
EndProject
Project("{FAE04EC0-301F-11D3-BF4B-00C04F79EFBC}") = "Common.Logging", "BuildingBlocks\Common.Logging\Common.Logging.csproj", "{ED364CC2-D73B-46D1-8D0E-41336CA02ACE}"
EndProject
Project("{FAE04EC0-301F-11D3-BF4B-00C04F79EFBC}") = "Contracts", "BuildingBlocks\Contracts\Contracts.csproj", "{FE657C98-057D-4E2C-8C82-F642A081D2F8}"
EndProject
Project("{FAE04EC0-301F-11D3-BF4B-00C04F79EFBC}") = "EventBus.Messages", "BuildingBlocks\EventBus.Messages\EventBus.Messages.csproj", "{0587C683-A68D-46A0-AC99-C81976EC053C}"
EndProject
Project("{FAE04EC0-301F-11D3-BF4B-00C04F79EFBC}") = "infrastructure", "BuildingBlocks\infrastructure\infrastructure.csproj", "{99C31DF6-FED7-465E-9607-A39871F639E8}"
EndProject
Project("{FAE04EC0-301F-11D3-BF4B-00C04F79EFBC}") = "shared", "BuildingBlocks\Shared\shared.csproj", "{342166AE-5BCF-4C0B-A549-AF3E8ED639A9}"
EndProject
Project("{2150E333-8FDC-42A3-9474-1A3956D46DE8}") = "Services", "Services", "{6027F943-0CF1-4AFB-A0CB-B87877A4C1FD}"
EndProject
Project("{FAE04EC0-301F-11D3-BF4B-00C04F79EFBC}") = "Product.API", "Services\Product.API\Product.API.csproj", "{05118F27-22A4-499A-B016-DCC56B0CC22A}"
EndProject
Project("{FAE04EC0-301F-11D3-BF4B-00C04F79EFBC}") = "Basket.API", "Services\Basket.API\Basket.API.csproj", "{7AF1DC32-EF1F-46A7-BDBE-B2670B336F42}"
EndProject
Project("{FAE04EC0-301F-11D3-BF4B-00C04F79EFBC}") = "Customer.API", "Services\Customer.API\Customer.API.csproj", "{03AA2A31-30B5-44EC-9BFE-A4A9D6900767}"
EndProject
Project("{FAE04EC0-301F-11D3-BF4B-00C04F79EFBC}") = "HangFire.API", "Services\HangFire.API\HangFire.API.csproj", "{A29F7686-5893-4387-8DA6-8E1357A14B3D}"
EndProject
Project("{FAE04EC0-301F-11D3-BF4B-00C04F79EFBC}") = "Inventory.Product.API", "Services\Inventory.Product.API\Inventory.Product.API.csproj", "{CA2E09A7-94ED-4268-9291-120AE49B3A4E}"
EndProject
Project("{FAE04EC0-301F-11D3-BF4B-00C04F79EFBC}") = "Ordering.API", "Services\Ordering.API\Ordering.API.csproj", "{141394AB-5D8D-4673-9FDB-CEF83803F3BC}"
EndProject
Global
	GlobalSection(SolutionConfigurationPlatforms) = preSolution
		Debug|Any CPU = Debug|Any CPU
		Release|Any CPU = Release|Any CPU
	EndGlobalSection
	GlobalSection(SolutionProperties) = preSolution
		HideSolutionNode = FALSE
	EndGlobalSection
	GlobalSection(ProjectConfigurationPlatforms) = postSolution
		{206B3DE8-95A7-4735-8086-5E8D5F6A2956}.Debug|Any CPU.ActiveCfg = Debug|Any CPU
		{206B3DE8-95A7-4735-8086-5E8D5F6A2956}.Debug|Any CPU.Build.0 = Debug|Any CPU
		{206B3DE8-95A7-4735-8086-5E8D5F6A2956}.Release|Any CPU.ActiveCfg = Release|Any CPU
		{206B3DE8-95A7-4735-8086-5E8D5F6A2956}.Release|Any CPU.Build.0 = Release|Any CPU
		{ED364CC2-D73B-46D1-8D0E-41336CA02ACE}.Debug|Any CPU.ActiveCfg = Debug|Any CPU
		{ED364CC2-D73B-46D1-8D0E-41336CA02ACE}.Debug|Any CPU.Build.0 = Debug|Any CPU
		{ED364CC2-D73B-46D1-8D0E-41336CA02ACE}.Release|Any CPU.ActiveCfg = Release|Any CPU
		{ED364CC2-D73B-46D1-8D0E-41336CA02ACE}.Release|Any CPU.Build.0 = Release|Any CPU
		{FE657C98-057D-4E2C-8C82-F642A081D2F8}.Debug|Any CPU.ActiveCfg = Debug|Any CPU
		{FE657C98-057D-4E2C-8C82-F642A081D2F8}.Debug|Any CPU.Build.0 = Debug|Any CPU
		{FE657C98-057D-4E2C-8C82-F642A081D2F8}.Release|Any CPU.ActiveCfg = Release|Any CPU
		{FE657C98-057D-4E2C-8C82-F642A081D2F8}.Release|Any CPU.Build.0 = Release|Any CPU
		{0587C683-A68D-46A0-AC99-C81976EC053C}.Debug|Any CPU.ActiveCfg = Debug|Any CPU
		{0587C683-A68D-46A0-AC99-C81976EC053C}.Debug|Any CPU.Build.0 = Debug|Any CPU
		{0587C683-A68D-46A0-AC99-C81976EC053C}.Release|Any CPU.ActiveCfg = Release|Any CPU
		{0587C683-A68D-46A0-AC99-C81976EC053C}.Release|Any CPU.Build.0 = Release|Any CPU
		{99C31DF6-FED7-465E-9607-A39871F639E8}.Debug|Any CPU.ActiveCfg = Debug|Any CPU
		{99C31DF6-FED7-465E-9607-A39871F639E8}.Debug|Any CPU.Build.0 = Debug|Any CPU
		{99C31DF6-FED7-465E-9607-A39871F639E8}.Release|Any CPU.ActiveCfg = Release|Any CPU
		{99C31DF6-FED7-465E-9607-A39871F639E8}.Release|Any CPU.Build.0 = Release|Any CPU
		{342166AE-5BCF-4C0B-A549-AF3E8ED639A9}.Debug|Any CPU.ActiveCfg = Debug|Any CPU
		{342166AE-5BCF-4C0B-A549-AF3E8ED639A9}.Debug|Any CPU.Build.0 = Debug|Any CPU
		{342166AE-5BCF-4C0B-A549-AF3E8ED639A9}.Release|Any CPU.ActiveCfg = Release|Any CPU
		{342166AE-5BCF-4C0B-A549-AF3E8ED639A9}.Release|Any CPU.Build.0 = Release|Any CPU
		{05118F27-22A4-499A-B016-DCC56B0CC22A}.Debug|Any CPU.ActiveCfg = Debug|Any CPU
		{05118F27-22A4-499A-B016-DCC56B0CC22A}.Debug|Any CPU.Build.0 = Debug|Any CPU
		{05118F27-22A4-499A-B016-DCC56B0CC22A}.Release|Any CPU.ActiveCfg = Release|Any CPU
		{05118F27-22A4-499A-B016-DCC56B0CC22A}.Release|Any CPU.Build.0 = Release|Any CPU
		{7AF1DC32-EF1F-46A7-BDBE-B2670B336F42}.Debug|Any CPU.ActiveCfg = Debug|Any CPU
		{7AF1DC32-EF1F-46A7-BDBE-B2670B336F42}.Debug|Any CPU.Build.0 = Debug|Any CPU
		{7AF1DC32-EF1F-46A7-BDBE-B2670B336F42}.Release|Any CPU.ActiveCfg = Release|Any CPU
		{7AF1DC32-EF1F-46A7-BDBE-B2670B336F42}.Release|Any CPU.Build.0 = Release|Any CPU
		{03AA2A31-30B5-44EC-9BFE-A4A9D6900767}.Debug|Any CPU.ActiveCfg = Debug|Any CPU
		{03AA2A31-30B5-44EC-9BFE-A4A9D6900767}.Debug|Any CPU.Build.0 = Debug|Any CPU
		{03AA2A31-30B5-44EC-9BFE-A4A9D6900767}.Release|Any CPU.ActiveCfg = Release|Any CPU
		{03AA2A31-30B5-44EC-9BFE-A4A9D6900767}.Release|Any CPU.Build.0 = Release|Any CPU
		{A29F7686-5893-4387-8DA6-8E1357A14B3D}.Debug|Any CPU.ActiveCfg = Debug|Any CPU
		{A29F7686-5893-4387-8DA6-8E1357A14B3D}.Debug|Any CPU.Build.0 = Debug|Any CPU
		{A29F7686-5893-4387-8DA6-8E1357A14B3D}.Release|Any CPU.ActiveCfg = Release|Any CPU
		{A29F7686-5893-4387-8DA6-8E1357A14B3D}.Release|Any CPU.Build.0 = Release|Any CPU
		{CA2E09A7-94ED-4268-9291-120AE49B3A4E}.Debug|Any CPU.ActiveCfg = Debug|Any CPU
		{CA2E09A7-94ED-4268-9291-120AE49B3A4E}.Debug|Any CPU.Build.0 = Debug|Any CPU
		{CA2E09A7-94ED-4268-9291-120AE49B3A4E}.Release|Any CPU.ActiveCfg = Release|Any CPU
		{CA2E09A7-94ED-4268-9291-120AE49B3A4E}.Release|Any CPU.Build.0 = Release|Any CPU
		{141394AB-5D8D-4673-9FDB-CEF83803F3BC}.Debug|Any CPU.ActiveCfg = Debug|Any CPU
		{141394AB-5D8D-4673-9FDB-CEF83803F3BC}.Debug|Any CPU.Build.0 = Debug|Any CPU
		{141394AB-5D8D-4673-9FDB-CEF83803F3BC}.Release|Any CPU.ActiveCfg = Release|Any CPU
		{141394AB-5D8D-4673-9FDB-CEF83803F3BC}.Release|Any CPU.Build.0 = Release|Any CPU
	EndGlobalSection
	GlobalSection(NestedProjects) = preSolution
		{206B3DE8-95A7-4735-8086-5E8D5F6A2956} = {85EB2A5A-F6D7-435C-B9A1-131244061F0B}
		{ED364CC2-D73B-46D1-8D0E-41336CA02ACE} = {C3F5A2C9-F287-4052-BABC-A24F481A0BE3}
		{FE657C98-057D-4E2C-8C82-F642A081D2F8} = {C3F5A2C9-F287-4052-BABC-A24F481A0BE3}
		{0587C683-A68D-46A0-AC99-C81976EC053C} = {C3F5A2C9-F287-4052-BABC-A24F481A0BE3}
		{99C31DF6-FED7-465E-9607-A39871F639E8} = {C3F5A2C9-F287-4052-BABC-A24F481A0BE3}
		{342166AE-5BCF-4C0B-A549-AF3E8ED639A9} = {C3F5A2C9-F287-4052-BABC-A24F481A0BE3}
		{05118F27-22A4-499A-B016-DCC56B0CC22A} = {6027F943-0CF1-4AFB-A0CB-B87877A4C1FD}
		{7AF1DC32-EF1F-46A7-BDBE-B2670B336F42} = {6027F943-0CF1-4AFB-A0CB-B87877A4C1FD}
		{03AA2A31-30B5-44EC-9BFE-A4A9D6900767} = {6027F943-0CF1-4AFB-A0CB-B87877A4C1FD}
		{A29F7686-5893-4387-8DA6-8E1357A14B3D} = {6027F943-0CF1-4AFB-A0CB-B87877A4C1FD}
		{CA2E09A7-94ED-4268-9291-120AE49B3A4E} = {6027F943-0CF1-4AFB-A0CB-B87877A4C1FD}
		{141394AB-5D8D-4673-9FDB-CEF83803F3BC} = {6027F943-0CF1-4AFB-A0CB-B87877A4C1FD}
	EndGlobalSection
EndGlobal
